# This file is automatically @generated by Poetry 2.2.1 and should not be changed by hand.

[[package]]
name = "behave"
version = "1.3.3"
description = "behave is behaviour-driven development, Python style"
optional = false
python-versions = "!=3.0.*,!=3.1.*,!=3.2.*,>=2.7"
groups = ["main"]
files = [
    {file = "behave-1.3.3-py2.py3-none-any.whl", hash = "sha256:89bdb62af8fb9f147ce245736a5de69f025e5edfb66f1fbe16c5007493f842c0"},
    {file = "behave-1.3.3.tar.gz", hash = "sha256:2b8f4b64ed2ea756a5a2a73e23defc1c4631e9e724c499e46661778453ebaf51"},
]

[package.dependencies]
colorama = ">=0.3.7"
cucumber-expressions = {version = ">=17.1.0", markers = "python_version >= \"3.8\""}
cucumber-tag-expressions = ">=4.1.0"
parse = ">=1.18.0"
parse-type = ">=0.6.0"
six = ">=1.15.0"

[package.extras]
develop = ["PyHamcrest (<2.0) ; python_version < \"3.0\"", "PyHamcrest (>=2.0.2) ; python_version >= \"3.0\"", "build (>=0.5.1)", "coverage (>=5.0)", "invoke (>=1.7.0) ; python_version >= \"3.6\"", "invoke (>=1.7.0,<2.0) ; python_version < \"3.6\"", "mock (<4.0) ; python_version < \"3.6\"", "mock (>=4.0) ; python_version >= \"3.6\"", "modernize (>=0.5)", "path (>=13.1.0) ; python_version >= \"3.5\"", "path.py (>=11.5.0) ; python_version < \"3.5\"", "pycmd", "pylint", "pytest (>=4.2,<5.0) ; python_version < \"3.0\"", "pytest (>=5.0) ; python_version >= \"3.0\"", "pytest-cov", "pytest-html (>=1.19.0,<2.0) ; python_version < \"3.0\"", "pytest-html (>=2.0) ; python_version >= \"3.0\"", "ruff ; python_version >= \"3.7\"", "tox (>=3.28.0,<4.0)", "twine (>=1.13.0)", "virtualenv (<20.22.0) ; python_version < \"3.7\"", "virtualenv (>=20.26.6) ; python_version >= \"3.7\""]
docs = ["furo (>=2024.04.27) ; python_version >= \"3.8\"", "sphinx (>=1.6,<4.4) ; python_version < \"3.7\"", "sphinx (>=7.4.0) ; python_version >= \"3.7\"", "sphinx-copybutton (>=0.5.2) ; python_version >= \"3.7\"", "sphinxcontrib-applehelp (>=1.0.8) ; python_version >= \"3.7\"", "sphinxcontrib-htmlhelp (>=2.0.5) ; python_version >= \"3.7\""]
formatters = ["behave-html-formatter (>=0.9.10) ; python_version >= \"3.6\"", "behave-html-pretty-formatter (>=1.9.1) ; python_version >= \"3.6\""]
testing = ["PyHamcrest (<2.0) ; python_version < \"3.0\"", "PyHamcrest (>=2.0.2) ; python_version >= \"3.0\"", "assertpy (>=1.1)", "chardet", "freezegun (>=1.5.1) ; python_version > \"3.7\"", "mock (<4.0) ; python_version < \"3.6\"", "mock (>=4.0) ; python_version >= \"3.6\"", "path (>=13.1.0) ; python_version >= \"3.5\"", "path.py (>=11.5.0,<13.0) ; python_version < \"3.5\"", "pytest (<5.0) ; python_version < \"3.0\"", "pytest (>=5.0) ; python_version >= \"3.0\"", "pytest-html (>=1.19.0,<2.0) ; python_version < \"3.0\"", "pytest-html (>=2.0) ; python_version >= \"3.0\""]

[[package]]
name = "boto3"
version = "1.42.52"
description = "The AWS SDK for Python"
optional = false
python-versions = ">=3.9"
groups = ["main"]
files = [
    {file = "boto3-1.42.52-py3-none-any.whl", hash = "sha256:7b3e0c4bfd8815a3df64fbe98fc9f87dfb12bd7a783cf63dfc2f166c66798c9d"},
    {file = "boto3-1.42.52.tar.gz", hash = "sha256:ff4a4afb832f63a1358e11fe6eb321da0f4767979c6721dd32fb02e6eabcebf5"},
]

[package.dependencies]
botocore = ">=1.42.52,<1.43.0"
jmespath = ">=0.7.1,<2.0.0"
s3transfer = ">=0.16.0,<0.17.0"

[package.extras]
crt = ["botocore[crt] (>=1.21.0,<2.0a0)"]

[[package]]
name = "botocore"
version = "1.42.52"
description = "Low-level, data-driven core of boto 3."
optional = false
python-versions = ">=3.9"
groups = ["main"]
files = [
    {file = "botocore-1.42.52-py3-none-any.whl", hash = "sha256:c3a0b7138a4c5a534da0eb2444c19763b4d03ba2190c0602c49315e54efd7252"},
    {file = "botocore-1.42.52.tar.gz", hash = "sha256:3bdef10aee4cee13ff019b6a1423a2ce3ca17352328d9918157a1829e5cc9be1"},
]

[package.dependencies]
jmespath = ">=0.7.1,<2.0.0"
python-dateutil = ">=2.1,<3.0.0"
urllib3 = {version = ">=1.25.4,<2.2.0 || >2.2.0,<3", markers = "python_version >= \"3.10\""}

[package.extras]
crt = ["awscrt (==0.31.2)"]

[[package]]
name = "colorama"
version = "0.4.6"
description = "Cross-platform colored terminal text."
optional = false
python-versions = "!=3.0.*,!=3.1.*,!=3.2.*,!=3.3.*,!=3.4.*,!=3.5.*,!=3.6.*,>=2.7"
groups = ["main"]
files = [
    {file = "colorama-0.4.6-py2.py3-none-any.whl", hash = "sha256:4f1d9991f5acc0ca119f9d443620b77f9d6b33703e51011c16baf57afb285fc6"},
    {file = "colorama-0.4.6.tar.gz", hash = "sha256:08695f5cb7ed6e0531a20572697297273c47b8cae5a63ffc6d6ed5c201be6e44"},
]

[[package]]
name = "cucumber-expressions"
version = "19.0.0"
description = "Cucumber Expressions - a simpler alternative to Regular Expressions"
optional = false
python-versions = ">=3.10"
groups = ["main"]
files = [
    {file = "cucumber_expressions-19.0.0-py3-none-any.whl", hash = "sha256:f452e6c73258c1677043ad67ad5f538c87284d6b502004720510fb6b7452d9c5"},
    {file = "cucumber_expressions-19.0.0.tar.gz", hash = "sha256:8eb5ae46dd03dd37fec1163ace1510529501d7d1868ff372c1ab2cd5aa4543a8"},
]

[[package]]
name = "cucumber-tag-expressions"
version = "9.0.0"
description = "Provides a tag-expression parser and evaluation logic for cucumber/behave"
optional = false
python-versions = ">=3.10"
groups = ["main"]
files = [
    {file = "cucumber_tag_expressions-9.0.0-py3-none-any.whl", hash = "sha256:36f3eacf49ad24feeb60218db4c51ab114853b3f022f4f3ad790c32b7597faee"},
    {file = "cucumber_tag_expressions-9.0.0.tar.gz", hash = "sha256:731302c12bd602309596b35e733c1021b517d4948329803c23ca026e26ef4e99"},
]

[[package]]
name = "iniconfig"
version = "2.3.0"
description = "brain-dead simple config-ini parsing"
optional = false
python-versions = ">=3.10"
groups = ["main"]
files = [
    {file = "iniconfig-2.3.0-py3-none-any.whl", hash = "sha256:f631c04d2c48c52b84d0d0549c99ff3859c98df65b3101406327ecc7d53fbf12"},
    {file = "iniconfig-2.3.0.tar.gz", hash = "sha256:c76315c77db068650d49c5b56314774a7804df16fee4402c1f19d6d15d8c4730"},
]

[[package]]
name = "jmespath"
version = "1.1.0"
description = "JSON Matching Expressions"
optional = false
python-versions = ">=3.9"
groups = ["main"]
files = [
    {file = "jmespath-1.1.0-py3-none-any.whl", hash = "sha256:a5663118de4908c91729bea0acadca56526eb2698e83de10cd116ae0f4e97c64"},
    {file = "jmespath-1.1.0.tar.gz", hash = "sha256:472c87d80f36026ae83c6ddd0f1d05d4e510134ed462851fd5f754c8c3cbb88d"},
]

[[package]]
name = "packaging"
version = "26.0"
description = "Core utilities for Python packages"
optional = false
python-versions = ">=3.8"
groups = ["main"]
files = [
    {file = "packaging-26.0-py3-none-any.whl", hash = "sha256:b36f1fef9334a5588b4166f8bcd26a14e521f2b55e6b9de3aaa80d3ff7a37529"},
    {file = "packaging-26.0.tar.gz", hash = "sha256:00243ae351a257117b6a241061796684b084ed1c516a08c48a3f7e147a9d80b4"},
]

[[package]]
name = "parse"
version = "1.21.0"
description = "parse() is the opposite of format()"
optional = false
python-versions = "*"
groups = ["main"]
files = [
    {file = "parse-1.21.0-py2.py3-none-any.whl", hash = "sha256:6d81f7bae0ab25fd72818375c4a9c71c8705256bfc42e8725be609cf8b904aed"},
    {file = "parse-1.21.0.tar.gz", hash = "sha256:937725d51330ffec9c7a26fdb5623baa135d8ba8ed78817ea9523538844e3ce4"},
]

[[package]]
name = "parse-type"
version = "0.6.6"
description = "Simplifies to build parse types based on the parse module"
optional = false
python-versions = "!=3.0.*,!=3.1.*,>=2.7"
groups = ["main"]
files = [
    {file = "parse_type-0.6.6-py2.py3-none-any.whl", hash = "sha256:3ca79bbe71e170dfccc8ec6c341edfd1c2a0fc1e5cfd18330f93af938de2348c"},
    {file = "parse_type-0.6.6.tar.gz", hash = "sha256:513a3784104839770d690e04339a8b4d33439fcd5dd99f2e4580f9fc1097bfb2"},
]

[package.dependencies]
parse = {version = ">=1.18.0", markers = "python_version >= \"3.0\""}
six = ">=1.15"

[package.extras]
develop = ["build (>=0.5.1)", "coverage (>=4.4)", "pylint", "pytest (<5.0) ; python_version < \"3.0\"", "pytest (>=5.0) ; python_version >= \"3.0\"", "pytest-cov", "pytest-html (>=1.19.0)", "ruff ; python_version >= \"3.7\"", "setuptools", "setuptools-scm", "tox (>=2.8,<4.0)", "twine (>=1.13.0)", "virtualenv (<20.22.0) ; python_version <= \"3.6\"", "virtualenv (>=20.0.0) ; python_version > \"3.6\"", "wheel"]
docs = ["Sphinx (>=1.6)", "sphinx_bootstrap_theme (>=0.6.0)"]
testing = ["pytest (<5.0) ; python_version < \"3.0\"", "pytest (>=5.0) ; python_version >= \"3.0\"", "pytest-html (>=1.19.0)"]

[[package]]
name = "pluggy"
version = "1.6.0"
description = "plugin and hook calling mechanisms for python"
optional = false
python-versions = ">=3.9"
groups = ["main"]
files = [
    {file = "pluggy-1.6.0-py3-none-any.whl", hash = "sha256:e920276dd6813095e9377c0bc5566d94c932c33b27a3e3945d8389c374dd4746"},
    {file = "pluggy-1.6.0.tar.gz", hash = "sha256:7dcc130b76258d33b90f61b658791dede3486c3e6bfb003ee5c9bfb396dd22f3"},
]

[package.extras]
dev = ["pre-commit", "tox"]
testing = ["coverage", "pytest", "pytest-benchmark"]

[[package]]
name = "pygments"
version = "2.19.2"
description = "Pygments is a syntax highlighting package written in Python."
optional = false
python-versions = ">=3.8"
groups = ["main"]
files = [
    {file = "pygments-2.19.2-py3-none-any.whl", hash = "sha256:86540386c03d588bb81d44bc3928634ff26449851e99741617ecb9037ee5ec0b"},
    {file = "pygments-2.19.2.tar.gz", hash = "sha256:636cb2477cec7f8952536970bc533bc43743542f70392ae026374600add5b887"},
]

[package.extras]
windows-terminal = ["colorama (>=0.4.6)"]

[[package]]
name = "pytest"
version = "9.0.2"
description = "pytest: simple powerful testing with Python"
optional = false
python-versions = ">=3.10"
groups = ["main"]
files = [
    {file = "pytest-9.0.2-py3-none-any.whl", hash = "sha256:711ffd45bf766d5264d487b917733b453d917afd2b0ad65223959f59089f875b"},
    {file = "pytest-9.0.2.tar.gz", hash = "sha256:75186651a92bd89611d1d9fc20f0b4345fd827c41ccd5c299a868a05d70edf11"},
]

[package.dependencies]
colorama = {version = ">=0.4", markers = "sys_platform == \"win32\""}
iniconfig = ">=1.0.1"
packaging = ">=22"
pluggy = ">=1.5,<2"
pygments = ">=2.7.2"

[package.extras]
dev = ["argcomplete", "attrs (>=19.2)", "hypothesis (>=3.56)", "mock", "requests", "setuptools", "xmlschema"]

[[package]]
name = "pytest-mock"
version = "3.15.1"
description = "Thin-wrapper around the mock package for easier use with pytest"
optional = false
python-versions = ">=3.9"
groups = ["main"]
files = [
    {file = "pytest_mock-3.15.1-py3-none-any.whl", hash = "sha256:0a25e2eb88fe5168d535041d09a4529a188176ae608a6d249ee65abc0949630d"},
    {file = "pytest_mock-3.15.1.tar.gz", hash = "sha256:1849a238f6f396da19762269de72cb1814ab44416fa73a8686deac10b0d87a0f"},
]

[package.dependencies]
pytest = ">=6.2.5"

[package.extras]
dev = ["pre-commit", "pytest-asyncio", "tox"]

[[package]]
name = "python-dateutil"
version = "2.9.0.post0"
description = "Extensions to the standard Python datetime module"
optional = false
python-versions = "!=3.0.*,!=3.1.*,!=3.2.*,>=2.7"
groups = ["main"]
files = [
    {file = "python-dateutil-2.9.0.post0.tar.gz", hash = "sha256:37dd54208da7e1cd875388217d5e00ebd4179249f90fb72437e91a35459a0ad3"},
    {file = "python_dateutil-2.9.0.post0-py2.py3-none-any.whl", hash = "sha256:a8b2bc7bffae282281c8140a97d3aa9c14da0b136dfe83f850eea9a5f7470427"},
]

[package.dependencies]
six = ">=1.5"

[[package]]
name = "s3transfer"
version = "0.16.0"
description = "An Amazon S3 Transfer Manager"
optional = false
python-versions = ">=3.9"
groups = ["main"]
files = [
    {file = "s3transfer-0.16.0-py3-none-any.whl", hash = "sha256:18e25d66fed509e3868dc1572b3f427ff947dd2c56f844a5bf09481ad3f3b2fe"},
    {file = "s3transfer-0.16.0.tar.gz", hash = "sha256:8e990f13268025792229cd52fa10cb7163744bf56e719e0b9cb925ab79abf920"},
]

[package.dependencies]
botocore = ">=1.37.4,<2.0a.0"

[package.extras]
crt = ["botocore[crt] (>=1.37.4,<2.0a.0)"]

[[package]]
name = "six"
version = "1.17.0"
description = "Python 2 and 3 compatibility utilities"
optional = false
python-versions = "!=3.0.*,!=3.1.*,!=3.2.*,>=2.7"
groups = ["main"]
files = [
    {file = "six-1.17.0-py2.py3-none-any.whl", hash = "sha256:4721f391ed90541fddacab5acf947aa0d3dc7d27b2e1e8eda2be8970586c3274"},
    {file = "six-1.17.0.tar.gz", hash = "sha256:ff70335d468e7eb6ec65b95b99d3a2836546063f63acc5171de367e834932a81"},
]

[[package]]
name = "urllib3"
version = "2.6.3"
description = "HTTP library with thread-safe connection pooling, file post, and more."
optional = false
python-versions = ">=3.9"
groups = ["main"]
files = [
    {file = "urllib3-2.6.3-py3-none-any.whl", hash = "sha256:bf272323e553dfb2e87d9bfd225ca7b0f467b919d7bbd355436d3fd37cb0acd4"},
    {file = "urllib3-2.6.3.tar.gz", hash = "sha256:1b62b6884944a57dbe321509ab94fd4d3b307075e0c2eae991ac71ee15ad38ed"},
]

[package.extras]
brotli = ["brotli (>=1.2.0) ; platform_python_implementation == \"CPython\"", "brotlicffi (>=1.2.0.0) ; platform_python_implementation != \"CPython\""]
h2 = ["h2 (>=4,<5)"]
socks = ["pysocks (>=1.5.6,!=1.5.7,<2.0)"]
zstd = ["backports-zstd (>=1.0.0) ; python_version < \"3.14\""]

[metadata]
lock-version = "2.1"
python-versions = ">=3.12"
content-hash = "af33d3df2197024aa18c5adf3ba38d2df5463548b75b066148a67e345578ad40"
